
Microsoft Visual Studio Solution File, Format Version 12.00
# Visual Studio 15
VisualStudioVersion = 15.0.26403.3
MinimumVisualStudioVersion = 10.0.40219.1
Project("{FAE04EC0-301F-11D3-BF4B-00C04F79EFBC}") = "CSharpPrograms", "CSharpPrograms\CSharpPrograms.csproj", "{BC5EE733-7873-47C8-8A8B-D0EA25CCEACC}"
EndProject
Project("{FAE04EC0-301F-11D3-BF4B-00C04F79EFBC}") = "workingWithFlatFile", "workingWithFlatFile\workingWithFlatFile.csproj", "{E567342D-29B0-4BE7-8332-587AB407C55D}"
EndProject
Project("{FAE04EC0-301F-11D3-BF4B-00C04F79EFBC}") = "workWithXmlFiles", "workWithXmlFiles\workWithXmlFiles.csproj", "{401AF720-563B-47AB-B55E-FE8E4310CCD0}"
EndProject
Project("{FAE04EC0-301F-11D3-BF4B-00C04F79EFBC}") = "workWithDataSets", "workWithDataSets\workWithDataSets.csproj", "{BDF54CA0-B095-4E79-B074-08746729F95F}"
EndProject
Global
	GlobalSection(SolutionConfigurationPlatforms) = preSolution
		Debug|Any CPU = Debug|Any CPU
		Release|Any CPU = Release|Any CPU
	EndGlobalSection
	GlobalSection(ProjectConfigurationPlatforms) = postSolution
		{BC5EE733-7873-47C8-8A8B-D0EA25CCEACC}.Debug|Any CPU.ActiveCfg = Debug|Any CPU
		{BC5EE733-7873-47C8-8A8B-D0EA25CCEACC}.Debug|Any CPU.Build.0 = Debug|Any CPU
		{BC5EE733-7873-47C8-8A8B-D0EA25CCEACC}.Release|Any CPU.ActiveCfg = Release|Any CPU
		{BC5EE733-7873-47C8-8A8B-D0EA25CCEACC}.Release|Any CPU.Build.0 = Release|Any CPU
		{E567342D-29B0-4BE7-8332-587AB407C55D}.Debug|Any CPU.ActiveCfg = Debug|Any CPU
		{E567342D-29B0-4BE7-8332-587AB407C55D}.Debug|Any CPU.Build.0 = Debug|Any CPU
		{E567342D-29B0-4BE7-8332-587AB407C55D}.Release|Any CPU.ActiveCfg = Release|Any CPU
		{E567342D-29B0-4BE7-8332-587AB407C55D}.Release|Any CPU.Build.0 = Release|Any CPU
		{401AF720-563B-47AB-B55E-FE8E4310CCD0}.Debug|Any CPU.ActiveCfg = Debug|Any CPU
		{401AF720-563B-47AB-B55E-FE8E4310CCD0}.Debug|Any CPU.Build.0 = Debug|Any CPU
		{401AF720-563B-47AB-B55E-FE8E4310CCD0}.Release|Any CPU.ActiveCfg = Release|Any CPU
		{401AF720-563B-47AB-B55E-FE8E4310CCD0}.Release|Any CPU.Build.0 = Release|Any CPU
		{BDF54CA0-B095-4E79-B074-08746729F95F}.Debug|Any CPU.ActiveCfg = Debug|Any CPU
		{BDF54CA0-B095-4E79-B074-08746729F95F}.Debug|Any CPU.Build.0 = Debug|Any CPU
		{BDF54CA0-B095-4E79-B074-08746729F95F}.Release|Any CPU.ActiveCfg = Release|Any CPU
		{BDF54CA0-B095-4E79-B074-08746729F95F}.Release|Any CPU.Build.0 = Release|Any CPU
	EndGlobalSection
	GlobalSection(SolutionProperties) = preSolution
		HideSolutionNode = FALSE
	EndGlobalSection
EndGlobal
